
Microsoft Visual Studio Solution File, Format Version 12.00
# Visual Studio 14
VisualStudioVersion = 14.0.23107.0
MinimumVisualStudioVersion = 10.0.40219.1
Project("{FAE04EC0-301F-11D3-BF4B-00C04F79EFBC}") = "01. KnapSack", "01. KnapSack\01. KnapSack.csproj", "{A8F367E5-5EA3-46DC-BFC3-F009C2375D41}"
EndProject
Project("{FAE04EC0-301F-11D3-BF4B-00C04F79EFBC}") = "03.01.Tribonacci", "03.01.Tribonacci\03.01.Tribonacci.csproj", "{1C94F584-D9E8-4503-8FC2-32F22D86794C}"
EndProject
Project("{FAE04EC0-301F-11D3-BF4B-00C04F79EFBC}") = "03.05. GameOfLife", "03.05. GameOfLife\03.05. GameOfLife.csproj", "{C63CD971-1E89-4ACF-9DD4-42FA9E9321EE}"
EndProject
Project("{8BC9CEB8-8B4A-11D0-8D11-00A0C91BC942}") = "Test", "Test\Test.vcxproj", "{43E0EC9C-5FC9-4368-B73C-300808CA2603}"
EndProject
Project("{FAE04EC0-301F-11D3-BF4B-00C04F79EFBC}") = "ForFun", "ForFun\ForFun.csproj", "{80B18270-9873-45C9-8E7E-23B746F58E92}"
EndProject
Project("{FAE04EC0-301F-11D3-BF4B-00C04F79EFBC}") = "03.02. SuperSum", "03.02. SuperSum\03.02. SuperSum.csproj", "{B13B674D-BD0D-4E57-A126-DF93127C77D5}"
EndProject
Project("{FAE04EC0-301F-11D3-BF4B-00C04F79EFBC}") = "03.04. Guitar", "03.04. Guitar\03.04. Guitar.csproj", "{332047A3-B68C-4A9A-A15B-A0FFCE7467F0}"
EndProject
Project("{FAE04EC0-301F-11D3-BF4B-00C04F79EFBC}") = "02. MediumEditDistance", "02. MediumEditDistance\02. MediumEditDistance.csproj", "{FFEB4B43-F026-4569-B191-42086F8EAAF0}"
EndProject
Global
	GlobalSection(SolutionConfigurationPlatforms) = preSolution
		Debug|Any CPU = Debug|Any CPU
		Debug|x64 = Debug|x64
		Debug|x86 = Debug|x86
		Release|Any CPU = Release|Any CPU
		Release|x64 = Release|x64
		Release|x86 = Release|x86
	EndGlobalSection
	GlobalSection(ProjectConfigurationPlatforms) = postSolution
		{A8F367E5-5EA3-46DC-BFC3-F009C2375D41}.Debug|Any CPU.ActiveCfg = Debug|Any CPU
		{A8F367E5-5EA3-46DC-BFC3-F009C2375D41}.Debug|Any CPU.Build.0 = Debug|Any CPU
		{A8F367E5-5EA3-46DC-BFC3-F009C2375D41}.Debug|x64.ActiveCfg = Debug|Any CPU
		{A8F367E5-5EA3-46DC-BFC3-F009C2375D41}.Debug|x64.Build.0 = Debug|Any CPU
		{A8F367E5-5EA3-46DC-BFC3-F009C2375D41}.Debug|x86.ActiveCfg = Debug|Any CPU
		{A8F367E5-5EA3-46DC-BFC3-F009C2375D41}.Debug|x86.Build.0 = Debug|Any CPU
		{A8F367E5-5EA3-46DC-BFC3-F009C2375D41}.Release|Any CPU.ActiveCfg = Release|Any CPU
		{A8F367E5-5EA3-46DC-BFC3-F009C2375D41}.Release|Any CPU.Build.0 = Release|Any CPU
		{A8F367E5-5EA3-46DC-BFC3-F009C2375D41}.Release|x64.ActiveCfg = Release|Any CPU
		{A8F367E5-5EA3-46DC-BFC3-F009C2375D41}.Release|x64.Build.0 = Release|Any CPU
		{A8F367E5-5EA3-46DC-BFC3-F009C2375D41}.Release|x86.ActiveCfg = Release|Any CPU
		{A8F367E5-5EA3-46DC-BFC3-F009C2375D41}.Release|x86.Build.0 = Release|Any CPU
		{1C94F584-D9E8-4503-8FC2-32F22D86794C}.Debug|Any CPU.ActiveCfg = Debug|Any CPU
		{1C94F584-D9E8-4503-8FC2-32F22D86794C}.Debug|Any CPU.Build.0 = Debug|Any CPU
		{1C94F584-D9E8-4503-8FC2-32F22D86794C}.Debug|x64.ActiveCfg = Debug|Any CPU
		{1C94F584-D9E8-4503-8FC2-32F22D86794C}.Debug|x64.Build.0 = Debug|Any CPU
		{1C94F584-D9E8-4503-8FC2-32F22D86794C}.Debug|x86.ActiveCfg = Debug|Any CPU
		{1C94F584-D9E8-4503-8FC2-32F22D86794C}.Debug|x86.Build.0 = Debug|Any CPU
		{1C94F584-D9E8-4503-8FC2-32F22D86794C}.Release|Any CPU.ActiveCfg = Release|Any CPU
		{1C94F584-D9E8-4503-8FC2-32F22D86794C}.Release|Any CPU.Build.0 = Release|Any CPU
		{1C94F584-D9E8-4503-8FC2-32F22D86794C}.Release|x64.ActiveCfg = Release|Any CPU
		{1C94F584-D9E8-4503-8FC2-32F22D86794C}.Release|x64.Build.0 = Release|Any CPU
		{1C94F584-D9E8-4503-8FC2-32F22D86794C}.Release|x86.ActiveCfg = Release|Any CPU
		{1C94F584-D9E8-4503-8FC2-32F22D86794C}.Release|x86.Build.0 = Release|Any CPU
		{C63CD971-1E89-4ACF-9DD4-42FA9E9321EE}.Debug|Any CPU.ActiveCfg = Debug|Any CPU
		{C63CD971-1E89-4ACF-9DD4-42FA9E9321EE}.Debug|Any CPU.Build.0 = Debug|Any CPU
		{C63CD971-1E89-4ACF-9DD4-42FA9E9321EE}.Debug|x64.ActiveCfg = Debug|Any CPU
		{C63CD971-1E89-4ACF-9DD4-42FA9E9321EE}.Debug|x64.Build.0 = Debug|Any CPU
		{C63CD971-1E89-4ACF-9DD4-42FA9E9321EE}.Debug|x86.ActiveCfg = Debug|Any CPU
		{C63CD971-1E89-4ACF-9DD4-42FA9E9321EE}.Debug|x86.Build.0 = Debug|Any CPU
		{C63CD971-1E89-4ACF-9DD4-42FA9E9321EE}.Release|Any CPU.ActiveCfg = Release|Any CPU
		{C63CD971-1E89-4ACF-9DD4-42FA9E9321EE}.Release|Any CPU.Build.0 = Release|Any CPU
		{C63CD971-1E89-4ACF-9DD4-42FA9E9321EE}.Release|x64.ActiveCfg = Release|Any CPU
		{C63CD971-1E89-4ACF-9DD4-42FA9E9321EE}.Release|x64.Build.0 = Release|Any CPU
		{C63CD971-1E89-4ACF-9DD4-42FA9E9321EE}.Release|x86.ActiveCfg = Release|Any CPU
		{C63CD971-1E89-4ACF-9DD4-42FA9E9321EE}.Release|x86.Build.0 = Release|Any CPU
		{43E0EC9C-5FC9-4368-B73C-300808CA2603}.Debug|Any CPU.ActiveCfg = Debug|Win32
		{43E0EC9C-5FC9-4368-B73C-300808CA2603}.Debug|Any CPU.Build.0 = Debug|Win32
		{43E0EC9C-5FC9-4368-B73C-300808CA2603}.Debug|x64.ActiveCfg = Debug|x64
		{43E0EC9C-5FC9-4368-B73C-300808CA2603}.Debug|x64.Build.0 = Debug|x64
		{43E0EC9C-5FC9-4368-B73C-300808CA2603}.Debug|x86.ActiveCfg = Debug|Win32
		{43E0EC9C-5FC9-4368-B73C-300808CA2603}.Debug|x86.Build.0 = Debug|Win32
		{43E0EC9C-5FC9-4368-B73C-300808CA2603}.Release|Any CPU.ActiveCfg = Release|Win32
		{43E0EC9C-5FC9-4368-B73C-300808CA2603}.Release|x64.ActiveCfg = Release|x64
		{43E0EC9C-5FC9-4368-B73C-300808CA2603}.Release|x64.Build.0 = Release|x64
		{43E0EC9C-5FC9-4368-B73C-300808CA2603}.Release|x86.ActiveCfg = Release|Win32
		{43E0EC9C-5FC9-4368-B73C-300808CA2603}.Release|x86.Build.0 = Release|Win32
		{80B18270-9873-45C9-8E7E-23B746F58E92}.Debug|Any CPU.ActiveCfg = Debug|Any CPU
		{80B18270-9873-45C9-8E7E-23B746F58E92}.Debug|Any CPU.Build.0 = Debug|Any CPU
		{80B18270-9873-45C9-8E7E-23B746F58E92}.Debug|x64.ActiveCfg = Debug|Any CPU
		{80B18270-9873-45C9-8E7E-23B746F58E92}.Debug|x64.Build.0 = Debug|Any CPU
		{80B18270-9873-45C9-8E7E-23B746F58E92}.Debug|x86.ActiveCfg = Debug|Any CPU
		{80B18270-9873-45C9-8E7E-23B746F58E92}.Debug|x86.Build.0 = Debug|Any CPU
		{80B18270-9873-45C9-8E7E-23B746F58E92}.Release|Any CPU.ActiveCfg = Release|Any CPU
		{80B18270-9873-45C9-8E7E-23B746F58E92}.Release|Any CPU.Build.0 = Release|Any CPU
		{80B18270-9873-45C9-8E7E-23B746F58E92}.Release|x64.ActiveCfg = Release|Any CPU
		{80B18270-9873-45C9-8E7E-23B746F58E92}.Release|x64.Build.0 = Release|Any CPU
		{80B18270-9873-45C9-8E7E-23B746F58E92}.Release|x86.ActiveCfg = Release|Any CPU
		{80B18270-9873-45C9-8E7E-23B746F58E92}.Release|x86.Build.0 = Release|Any CPU
		{B13B674D-BD0D-4E57-A126-DF93127C77D5}.Debug|Any CPU.ActiveCfg = Debug|Any CPU
		{B13B674D-BD0D-4E57-A126-DF93127C77D5}.Debug|Any CPU.Build.0 = Debug|Any CPU
		{B13B674D-BD0D-4E57-A126-DF93127C77D5}.Debug|x64.ActiveCfg = Debug|Any CPU
		{B13B674D-BD0D-4E57-A126-DF93127C77D5}.Debug|x64.Build.0 = Debug|Any CPU
		{B13B674D-BD0D-4E57-A126-DF93127C77D5}.Debug|x86.ActiveCfg = Debug|Any CPU
		{B13B674D-BD0D-4E57-A126-DF93127C77D5}.Debug|x86.Build.0 = Debug|Any CPU
		{B13B674D-BD0D-4E57-A126-DF93127C77D5}.Release|Any CPU.ActiveCfg = Release|Any CPU
		{B13B674D-BD0D-4E57-A126-DF93127C77D5}.Release|Any CPU.Build.0 = Release|Any CPU
		{B13B674D-BD0D-4E57-A126-DF93127C77D5}.Release|x64.ActiveCfg = Release|Any CPU
		{B13B674D-BD0D-4E57-A126-DF93127C77D5}.Release|x64.Build.0 = Release|Any CPU
		{B13B674D-BD0D-4E57-A126-DF93127C77D5}.Release|x86.ActiveCfg = Release|Any CPU
		{B13B674D-BD0D-4E57-A126-DF93127C77D5}.Release|x86.Build.0 = Release|Any CPU
		{332047A3-B68C-4A9A-A15B-A0FFCE7467F0}.Debug|Any CPU.ActiveCfg = Debug|Any CPU
		{332047A3-B68C-4A9A-A15B-A0FFCE7467F0}.Debug|Any CPU.Build.0 = Debug|Any CPU
		{332047A3-B68C-4A9A-A15B-A0FFCE7467F0}.Debug|x64.ActiveCfg = Debug|Any CPU
		{332047A3-B68C-4A9A-A15B-A0FFCE7467F0}.Debug|x64.Build.0 = Debug|Any CPU
		{332047A3-B68C-4A9A-A15B-A0FFCE7467F0}.Debug|x86.ActiveCfg = Debug|Any CPU
		{332047A3-B68C-4A9A-A15B-A0FFCE7467F0}.Debug|x86.Build.0 = Debug|Any CPU
		{332047A3-B68C-4A9A-A15B-A0FFCE7467F0}.Release|Any CPU.ActiveCfg = Release|Any CPU
		{332047A3-B68C-4A9A-A15B-A0FFCE7467F0}.Release|Any CPU.Build.0 = Release|Any CPU
		{332047A3-B68C-4A9A-A15B-A0FFCE7467F0}.Release|x64.ActiveCfg = Release|Any CPU
		{332047A3-B68C-4A9A-A15B-A0FFCE7467F0}.Release|x64.Build.0 = Release|Any CPU
		{332047A3-B68C-4A9A-A15B-A0FFCE7467F0}.Release|x86.ActiveCfg = Release|Any CPU
		{332047A3-B68C-4A9A-A15B-A0FFCE7467F0}.Release|x86.Build.0 = Release|Any CPU
		{FFEB4B43-F026-4569-B191-42086F8EAAF0}.Debug|Any CPU.ActiveCfg = Debug|Any CPU
		{FFEB4B43-F026-4569-B191-42086F8EAAF0}.Debug|Any CPU.Build.0 = Debug|Any CPU
		{FFEB4B43-F026-4569-B191-42086F8EAAF0}.Debug|x64.ActiveCfg = Debug|Any CPU
		{FFEB4B43-F026-4569-B191-42086F8EAAF0}.Debug|x64.Build.0 = Debug|Any CPU
		{FFEB4B43-F026-4569-B191-42086F8EAAF0}.Debug|x86.ActiveCfg = Debug|Any CPU
		{FFEB4B43-F026-4569-B191-42086F8EAAF0}.Debug|x86.Build.0 = Debug|Any CPU
		{FFEB4B43-F026-4569-B191-42086F8EAAF0}.Release|Any CPU.ActiveCfg = Release|Any CPU
		{FFEB4B43-F026-4569-B191-42086F8EAAF0}.Release|Any CPU.Build.0 = Release|Any CPU
		{FFEB4B43-F026-4569-B191-42086F8EAAF0}.Release|x64.ActiveCfg = Release|Any CPU
		{FFEB4B43-F026-4569-B191-42086F8EAAF0}.Release|x64.Build.0 = Release|Any CPU
		{FFEB4B43-F026-4569-B191-42086F8EAAF0}.Release|x86.ActiveCfg = Release|Any CPU
		{FFEB4B43-F026-4569-B191-42086F8EAAF0}.Release|x86.Build.0 = Release|Any CPU
	EndGlobalSection
	GlobalSection(SolutionProperties) = preSolution
		HideSolutionNode = FALSE
	EndGlobalSection
EndGlobal
