
Microsoft Visual Studio Solution File, Format Version 12.00
# Visual Studio 14
VisualStudioVersion = 14.0.24720.0
MinimumVisualStudioVersion = 10.0.40219.1
Project("{FAE04EC0-301F-11D3-BF4B-00C04F79EFBC}") = "MoviesDb.Web", "MoviesDb\MoviesDb.Web.csproj", "{E0E36AED-BC68-4E9C-8F3F-67F6EDCA5342}"
EndProject
Project("{FAE04EC0-301F-11D3-BF4B-00C04F79EFBC}") = "MoviesDb.Data", "MoviesDb.Data\MoviesDb.Data.csproj", "{79CB27E3-FC30-4BFC-A398-ECA5A6407503}"
EndProject
Global
	GlobalSection(SolutionConfigurationPlatforms) = preSolution
		Debug|Any CPU = Debug|Any CPU
		Release|Any CPU = Release|Any CPU
	EndGlobalSection
	GlobalSection(ProjectConfigurationPlatforms) = postSolution
		{E0E36AED-BC68-4E9C-8F3F-67F6EDCA5342}.Debug|Any CPU.ActiveCfg = Debug|Any CPU
		{E0E36AED-BC68-4E9C-8F3F-67F6EDCA5342}.Debug|Any CPU.Build.0 = Debug|Any CPU
		{E0E36AED-BC68-4E9C-8F3F-67F6EDCA5342}.Release|Any CPU.ActiveCfg = Release|Any CPU
		{E0E36AED-BC68-4E9C-8F3F-67F6EDCA5342}.Release|Any CPU.Build.0 = Release|Any CPU
		{79CB27E3-FC30-4BFC-A398-ECA5A6407503}.Debug|Any CPU.ActiveCfg = Debug|Any CPU
		{79CB27E3-FC30-4BFC-A398-ECA5A6407503}.Debug|Any CPU.Build.0 = Debug|Any CPU
		{79CB27E3-FC30-4BFC-A398-ECA5A6407503}.Release|Any CPU.ActiveCfg = Release|Any CPU
		{79CB27E3-FC30-4BFC-A398-ECA5A6407503}.Release|Any CPU.Build.0 = Release|Any CPU
	EndGlobalSection
	GlobalSection(SolutionProperties) = preSolution
		HideSolutionNode = FALSE
	EndGlobalSection
EndGlobal
